// !$*UTF8*$!
{
	archiveVersion = 1;
	classes = {
	};
	objectVersion = 56;
	objects = {

/* Begin PBXBuildFile section */
		2F828AD03EE36D19137D8530 /* Pods_MovieDB.framework in Frameworks */ = {isa = PBXBuildFile; fileRef = 2DDC8EB7DBCFD261953FFB6C /* Pods_MovieDB.framework */; };
		671842E52C50485A0018CE65 /* GenreCollectionViewCell.swift in Sources */ = {isa = PBXBuildFile; fileRef = 671842E42C50485A0018CE65 /* GenreCollectionViewCell.swift */; };
		672B8FBA2C54A1C40084B72E /* FavoriteViewController.swift in Sources */ = {isa = PBXBuildFile; fileRef = 672B8FB92C54A1C40084B72E /* FavoriteViewController.swift */; };
		673C03542C5B895E009C0F13 /* MovieDB.xcdatamodeld in Sources */ = {isa = PBXBuildFile; fileRef = 673C03522C5B895E009C0F13 /* MovieDB.xcdatamodeld */; };
		674E5E702C5CCED50036C956 /* ThemeCollectionViewCell.swift in Sources */ = {isa = PBXBuildFile; fileRef = 674E5E6F2C5CCED50036C956 /* ThemeCollectionViewCell.swift */; };
		674E5E762C5CD0D00036C956 /* Theme.swift in Sources */ = {isa = PBXBuildFile; fileRef = 674E5E752C5CD0D00036C956 /* Theme.swift */; };
		67CB8D882C4EC6CA00A85DDF /* NetworkManager.swift in Sources */ = {isa = PBXBuildFile; fileRef = 67CB8D872C4EC6CA00A85DDF /* NetworkManager.swift */; };
		67E0B2AD2C25C11C003DC044 /* AppDelegate.swift in Sources */ = {isa = PBXBuildFile; fileRef = 67E0B2AC2C25C11C003DC044 /* AppDelegate.swift */; };
		67E0B2AF2C25C11C003DC044 /* SceneDelegate.swift in Sources */ = {isa = PBXBuildFile; fileRef = 67E0B2AE2C25C11C003DC044 /* SceneDelegate.swift */; };
		67E0B2B12C25C11C003DC044 /* ViewController.swift in Sources */ = {isa = PBXBuildFile; fileRef = 67E0B2B02C25C11C003DC044 /* ViewController.swift */; };
		67E0B2B62C25C11D003DC044 /* Assets.xcassets in Resources */ = {isa = PBXBuildFile; fileRef = 67E0B2B52C25C11D003DC044 /* Assets.xcassets */; };
		67E0B2B92C25C11D003DC044 /* Base in Resources */ = {isa = PBXBuildFile; fileRef = 67E0B2B82C25C11D003DC044 /* Base */; };
		67E0B2C52C25CB9E003DC044 /* MovieTableViewCell.swift in Sources */ = {isa = PBXBuildFile; fileRef = 67E0B2C42C25CB9E003DC044 /* MovieTableViewCell.swift */; };
		67E0B2C72C25CEBE003DC044 /* Movie.swift in Sources */ = {isa = PBXBuildFile; fileRef = 67E0B2C62C25CEBE003DC044 /* Movie.swift */; };
		67FA6A0A2C4ECD9700B51FF3 /* MovieDetailViewController.swift in Sources */ = {isa = PBXBuildFile; fileRef = 67FA6A092C4ECD9700B51FF3 /* MovieDetailViewController.swift */; };
		67FA6A0C2C4ED52500B51FF3 /* MovieDetail.swift in Sources */ = {isa = PBXBuildFile; fileRef = 67FA6A0B2C4ED52500B51FF3 /* MovieDetail.swift */; };
/* End PBXBuildFile section */

/* Begin PBXFileReference section */
		2DDC8EB7DBCFD261953FFB6C /* Pods_MovieDB.framework */ = {isa = PBXFileReference; explicitFileType = wrapper.framework; includeInIndex = 0; path = Pods_MovieDB.framework; sourceTree = BUILT_PRODUCTS_DIR; };
		671842E42C50485A0018CE65 /* GenreCollectionViewCell.swift */ = {isa = PBXFileReference; lastKnownFileType = sourcecode.swift; path = GenreCollectionViewCell.swift; sourceTree = "<group>"; };
		672B8FB92C54A1C40084B72E /* FavoriteViewController.swift */ = {isa = PBXFileReference; lastKnownFileType = sourcecode.swift; path = FavoriteViewController.swift; sourceTree = "<group>"; };
		673C03532C5B895E009C0F13 /* MovieDB.xcdatamodel */ = {isa = PBXFileReference; lastKnownFileType = wrapper.xcdatamodel; path = MovieDB.xcdatamodel; sourceTree = "<group>"; };
		674E5E6F2C5CCED50036C956 /* ThemeCollectionViewCell.swift */ = {isa = PBXFileReference; lastKnownFileType = sourcecode.swift; path = ThemeCollectionViewCell.swift; sourceTree = "<group>"; };
		674E5E752C5CD0D00036C956 /* Theme.swift */ = {isa = PBXFileReference; lastKnownFileType = sourcecode.swift; path = Theme.swift; sourceTree = "<group>"; };
		67CB8D872C4EC6CA00A85DDF /* NetworkManager.swift */ = {isa = PBXFileReference; lastKnownFileType = sourcecode.swift; path = NetworkManager.swift; sourceTree = "<group>"; };
		67E0B2A92C25C11C003DC044 /* MovieDB.app */ = {isa = PBXFileReference; explicitFileType = wrapper.application; includeInIndex = 0; path = MovieDB.app; sourceTree = BUILT_PRODUCTS_DIR; };
		67E0B2AC2C25C11C003DC044 /* AppDelegate.swift */ = {isa = PBXFileReference; lastKnownFileType = sourcecode.swift; path = AppDelegate.swift; sourceTree = "<group>"; };
		67E0B2AE2C25C11C003DC044 /* SceneDelegate.swift */ = {isa = PBXFileReference; lastKnownFileType = sourcecode.swift; path = SceneDelegate.swift; sourceTree = "<group>"; };
		67E0B2B02C25C11C003DC044 /* ViewController.swift */ = {isa = PBXFileReference; lastKnownFileType = sourcecode.swift; path = ViewController.swift; sourceTree = "<group>"; };
		67E0B2B52C25C11D003DC044 /* Assets.xcassets */ = {isa = PBXFileReference; lastKnownFileType = folder.assetcatalog; path = Assets.xcassets; sourceTree = "<group>"; };
		67E0B2B82C25C11D003DC044 /* Base */ = {isa = PBXFileReference; lastKnownFileType = file.storyboard; name = Base; path = Base.lproj/LaunchScreen.storyboard; sourceTree = "<group>"; };
		67E0B2BA2C25C11D003DC044 /* Info.plist */ = {isa = PBXFileReference; lastKnownFileType = text.plist.xml; path = Info.plist; sourceTree = "<group>"; };
		67E0B2C42C25CB9E003DC044 /* MovieTableViewCell.swift */ = {isa = PBXFileReference; lastKnownFileType = sourcecode.swift; path = MovieTableViewCell.swift; sourceTree = "<group>"; };
		67E0B2C62C25CEBE003DC044 /* Movie.swift */ = {isa = PBXFileReference; lastKnownFileType = sourcecode.swift; path = Movie.swift; sourceTree = "<group>"; };
		67FA6A092C4ECD9700B51FF3 /* MovieDetailViewController.swift */ = {isa = PBXFileReference; lastKnownFileType = sourcecode.swift; path = MovieDetailViewController.swift; sourceTree = "<group>"; };
		67FA6A0B2C4ED52500B51FF3 /* MovieDetail.swift */ = {isa = PBXFileReference; lastKnownFileType = sourcecode.swift; path = MovieDetail.swift; sourceTree = "<group>"; };
		A88767ED700C40D913650C68 /* Pods-MovieDB.debug.xcconfig */ = {isa = PBXFileReference; includeInIndex = 1; lastKnownFileType = text.xcconfig; name = "Pods-MovieDB.debug.xcconfig"; path = "Target Support Files/Pods-MovieDB/Pods-MovieDB.debug.xcconfig"; sourceTree = "<group>"; };
		AA4FAC21C00D56C02BE010EC /* Pods-MovieDB.release.xcconfig */ = {isa = PBXFileReference; includeInIndex = 1; lastKnownFileType = text.xcconfig; name = "Pods-MovieDB.release.xcconfig"; path = "Target Support Files/Pods-MovieDB/Pods-MovieDB.release.xcconfig"; sourceTree = "<group>"; };
/* End PBXFileReference section */

/* Begin PBXFrameworksBuildPhase section */
		67E0B2A62C25C11C003DC044 /* Frameworks */ = {
			isa = PBXFrameworksBuildPhase;
			buildActionMask = 2147483647;
			files = (
				2F828AD03EE36D19137D8530 /* Pods_MovieDB.framework in Frameworks */,
			);
			runOnlyForDeploymentPostprocessing = 0;
		};
/* End PBXFrameworksBuildPhase section */

/* Begin PBXGroup section */
		673C03512C5B8941009C0F13 /* Data */ = {
			isa = PBXGroup;
			children = (
				673C03522C5B895E009C0F13 /* MovieDB.xcdatamodeld */,
			);
			path = Data;
			sourceTree = "<group>";
		};
		67E0B2A02C25C11C003DC044 = {
			isa = PBXGroup;
			children = (
				67E0B2AB2C25C11C003DC044 /* MovieDB */,
				67E0B2AA2C25C11C003DC044 /* Products */,
				C49044AABABFCD6C7F734C60 /* Pods */,
				F140A960FC60A16E1C9FF2E4 /* Frameworks */,
			);
			sourceTree = "<group>";
		};
		67E0B2AA2C25C11C003DC044 /* Products */ = {
			isa = PBXGroup;
			children = (
				67E0B2A92C25C11C003DC044 /* MovieDB.app */,
			);
			name = Products;
			sourceTree = "<group>";
		};
		67E0B2AB2C25C11C003DC044 /* MovieDB */ = {
			isa = PBXGroup;
			children = (
				673C03512C5B8941009C0F13 /* Data */,
				67E0B2C32C25CB74003DC044 /* Delegate */,
				67E0B2C22C25CB6B003DC044 /* Model */,
				67E0B2C12C25CB64003DC044 /* Controller */,
				67E0B2C02C25CB5D003DC044 /* View */,
				67E0B2B52C25C11D003DC044 /* Assets.xcassets */,
				67E0B2B72C25C11D003DC044 /* LaunchScreen.storyboard */,
				67E0B2BA2C25C11D003DC044 /* Info.plist */,
			);
			path = MovieDB;
			sourceTree = "<group>";
		};
		67E0B2C02C25CB5D003DC044 /* View */ = {
			isa = PBXGroup;
			children = (
				67E0B2B02C25C11C003DC044 /* ViewController.swift */,
				67E0B2C42C25CB9E003DC044 /* MovieTableViewCell.swift */,
				67FA6A092C4ECD9700B51FF3 /* MovieDetailViewController.swift */,
				671842E42C50485A0018CE65 /* GenreCollectionViewCell.swift */,
				672B8FB92C54A1C40084B72E /* FavoriteViewController.swift */,
				674E5E6F2C5CCED50036C956 /* ThemeCollectionViewCell.swift */,
			);
			path = View;
			sourceTree = "<group>";
		};
		67E0B2C12C25CB64003DC044 /* Controller */ = {
			isa = PBXGroup;
			children = (
				67CB8D872C4EC6CA00A85DDF /* NetworkManager.swift */,
			);
			path = Controller;
			sourceTree = "<group>";
		};
		67E0B2C22C25CB6B003DC044 /* Model */ = {
			isa = PBXGroup;
			children = (
				67E0B2C62C25CEBE003DC044 /* Movie.swift */,
				67FA6A0B2C4ED52500B51FF3 /* MovieDetail.swift */,
				674E5E752C5CD0D00036C956 /* Theme.swift */,
			);
			path = Model;
			sourceTree = "<group>";
		};
		67E0B2C32C25CB74003DC044 /* Delegate */ = {
			isa = PBXGroup;
			children = (
				67E0B2AC2C25C11C003DC044 /* AppDelegate.swift */,
				67E0B2AE2C25C11C003DC044 /* SceneDelegate.swift */,
			);
			path = Delegate;
			sourceTree = "<group>";
		};
		C49044AABABFCD6C7F734C60 /* Pods */ = {
			isa = PBXGroup;
			children = (
				A88767ED700C40D913650C68 /* Pods-MovieDB.debug.xcconfig */,
				AA4FAC21C00D56C02BE010EC /* Pods-MovieDB.release.xcconfig */,
			);
			path = Pods;
			sourceTree = "<group>";
		};
		F140A960FC60A16E1C9FF2E4 /* Frameworks */ = {
			isa = PBXGroup;
			children = (
				2DDC8EB7DBCFD261953FFB6C /* Pods_MovieDB.framework */,
			);
			name = Frameworks;
			sourceTree = "<group>";
		};
/* End PBXGroup section */

/* Begin PBXNativeTarget section */
		67E0B2A82C25C11C003DC044 /* MovieDB */ = {
			isa = PBXNativeTarget;
			buildConfigurationList = 67E0B2BD2C25C11D003DC044 /* Build configuration list for PBXNativeTarget "MovieDB" */;
			buildPhases = (
				813438A3B607B0ACCA7F99AD /* [CP] Check Pods Manifest.lock */,
				67E0B2A52C25C11C003DC044 /* Sources */,
				67E0B2A62C25C11C003DC044 /* Frameworks */,
				67E0B2A72C25C11C003DC044 /* Resources */,
				BC2DEB0ECFB129CF64A8FA4B /* [CP] Embed Pods Frameworks */,
			);
			buildRules = (
			);
			dependencies = (
			);
			name = MovieDB;
			productName = MovieDB;
			productReference = 67E0B2A92C25C11C003DC044 /* MovieDB.app */;
			productType = "com.apple.product-type.application";
		};
/* End PBXNativeTarget section */

/* Begin PBXProject section */
		67E0B2A12C25C11C003DC044 /* Project object */ = {
			isa = PBXProject;
			attributes = {
				BuildIndependentTargetsInParallel = 1;
				LastSwiftUpdateCheck = 1530;
				LastUpgradeCheck = 1530;
				TargetAttributes = {
					67E0B2A82C25C11C003DC044 = {
						CreatedOnToolsVersion = 15.3;
					};
				};
			};
			buildConfigurationList = 67E0B2A42C25C11C003DC044 /* Build configuration list for PBXProject "MovieDB" */;
			compatibilityVersion = "Xcode 14.0";
			developmentRegion = en;
			hasScannedForEncodings = 0;
			knownRegions = (
				en,
				Base,
			);
			mainGroup = 67E0B2A02C25C11C003DC044;
			productRefGroup = 67E0B2AA2C25C11C003DC044 /* Products */;
			projectDirPath = "";
			projectRoot = "";
			targets = (
				67E0B2A82C25C11C003DC044 /* MovieDB */,
			);
		};
/* End PBXProject section */

/* Begin PBXResourcesBuildPhase section */
		67E0B2A72C25C11C003DC044 /* Resources */ = {
			isa = PBXResourcesBuildPhase;
			buildActionMask = 2147483647;
			files = (
				67E0B2B62C25C11D003DC044 /* Assets.xcassets in Resources */,
				67E0B2B92C25C11D003DC044 /* Base in Resources */,
			);
			runOnlyForDeploymentPostprocessing = 0;
		};
/* End PBXResourcesBuildPhase section */

/* Begin PBXShellScriptBuildPhase section */
		813438A3B607B0ACCA7F99AD /* [CP] Check Pods Manifest.lock */ = {
			isa = PBXShellScriptBuildPhase;
			buildActionMask = 2147483647;
			files = (
			);
			inputFileListPaths = (
			);
			inputPaths = (
				"${PODS_PODFILE_DIR_PATH}/Podfile.lock",
				"${PODS_ROOT}/Manifest.lock",
			);
			name = "[CP] Check Pods Manifest.lock";
			outputFileListPaths = (
			);
			outputPaths = (
				"$(DERIVED_FILE_DIR)/Pods-MovieDB-checkManifestLockResult.txt",
			);
			runOnlyForDeploymentPostprocessing = 0;
			shellPath = /bin/sh;
			shellScript = "diff \"${PODS_PODFILE_DIR_PATH}/Podfile.lock\" \"${PODS_ROOT}/Manifest.lock\" > /dev/null\nif [ $? != 0 ] ; then\n    # print error to STDERR\n    echo \"error: The sandbox is not in sync with the Podfile.lock. Run 'pod install' or update your CocoaPods installation.\" >&2\n    exit 1\nfi\n# This output is used by Xcode 'outputs' to avoid re-running this script phase.\necho \"SUCCESS\" > \"${SCRIPT_OUTPUT_FILE_0}\"\n";
			showEnvVarsInLog = 0;
		};
		BC2DEB0ECFB129CF64A8FA4B /* [CP] Embed Pods Frameworks */ = {
			isa = PBXShellScriptBuildPhase;
			buildActionMask = 2147483647;
			files = (
			);
			inputFileListPaths = (
				"${PODS_ROOT}/Target Support Files/Pods-MovieDB/Pods-MovieDB-frameworks-${CONFIGURATION}-input-files.xcfilelist",
			);
			name = "[CP] Embed Pods Frameworks";
			outputFileListPaths = (
				"${PODS_ROOT}/Target Support Files/Pods-MovieDB/Pods-MovieDB-frameworks-${CONFIGURATION}-output-files.xcfilelist",
			);
			runOnlyForDeploymentPostprocessing = 0;
			shellPath = /bin/sh;
			shellScript = "\"${PODS_ROOT}/Target Support Files/Pods-MovieDB/Pods-MovieDB-frameworks.sh\"\n";
			showEnvVarsInLog = 0;
		};
/* End PBXShellScriptBuildPhase section */

/* Begin PBXSourcesBuildPhase section */
		67E0B2A52C25C11C003DC044 /* Sources */ = {
			isa = PBXSourcesBuildPhase;
			buildActionMask = 2147483647;
			files = (
				67CB8D882C4EC6CA00A85DDF /* NetworkManager.swift in Sources */,
				67E0B2B12C25C11C003DC044 /* ViewController.swift in Sources */,
				674E5E702C5CCED50036C956 /* ThemeCollectionViewCell.swift in Sources */,
				67E0B2AD2C25C11C003DC044 /* AppDelegate.swift in Sources */,
				674E5E762C5CD0D00036C956 /* Theme.swift in Sources */,
				67E0B2C52C25CB9E003DC044 /* MovieTableViewCell.swift in Sources */,
				672B8FBA2C54A1C40084B72E /* FavoriteViewController.swift in Sources */,
				67FA6A0A2C4ECD9700B51FF3 /* MovieDetailViewController.swift in Sources */,
				67E0B2AF2C25C11C003DC044 /* SceneDelegate.swift in Sources */,
				67E0B2C72C25CEBE003DC044 /* Movie.swift in Sources */,
				673C03542C5B895E009C0F13 /* MovieDB.xcdatamodeld in Sources */,
				671842E52C50485A0018CE65 /* GenreCollectionViewCell.swift in Sources */,
				67FA6A0C2C4ED52500B51FF3 /* MovieDetail.swift in Sources */,
			);
			runOnlyForDeploymentPostprocessing = 0;
		};
/* End PBXSourcesBuildPhase section */

/* Begin PBXVariantGroup section */
		67E0B2B72C25C11D003DC044 /* LaunchScreen.storyboard */ = {
			isa = PBXVariantGroup;
			children = (
				67E0B2B82C25C11D003DC044 /* Base */,
			);
			name = LaunchScreen.storyboard;
			sourceTree = "<group>";
		};
/* End PBXVariantGroup section */

/* Begin XCBuildConfiguration section */
		67E0B2BB2C25C11D003DC044 /* Debug */ = {
			isa = XCBuildConfiguration;
			buildSettings = {
				ALWAYS_SEARCH_USER_PATHS = NO;
				ASSETCATALOG_COMPILER_GENERATE_SWIFT_ASSET_SYMBOL_EXTENSIONS = YES;
				CLANG_ANALYZER_NONNULL = YES;
				CLANG_ANALYZER_NUMBER_OBJECT_CONVERSION = YES_AGGRESSIVE;
				CLANG_CXX_LANGUAGE_STANDARD = "gnu++20";
				CLANG_ENABLE_MODULES = YES;
				CLANG_ENABLE_OBJC_ARC = YES;
				CLANG_ENABLE_OBJC_WEAK = YES;
				CLANG_WARN_BLOCK_CAPTURE_AUTORELEASING = YES;
				CLANG_WARN_BOOL_CONVERSION = YES;
				CLANG_WARN_COMMA = YES;
				CLANG_WARN_CONSTANT_CONVERSION = YES;
				CLANG_WARN_DEPRECATED_OBJC_IMPLEMENTATIONS = YES;
				CLANG_WARN_DIRECT_OBJC_ISA_USAGE = YES_ERROR;
				CLANG_WARN_DOCUMENTATION_COMMENTS = YES;
				CLANG_WARN_EMPTY_BODY = YES;
				CLANG_WARN_ENUM_CONVERSION = YES;
				CLANG_WARN_INFINITE_RECURSION = YES;
				CLANG_WARN_INT_CONVERSION = YES;
				CLANG_WARN_NON_LITERAL_NULL_CONVERSION = YES;
				CLANG_WARN_OBJC_IMPLICIT_RETAIN_SELF = YES;
				CLANG_WARN_OBJC_LITERAL_CONVERSION = YES;
				CLANG_WARN_OBJC_ROOT_CLASS = YES_ERROR;
				CLANG_WARN_QUOTED_INCLUDE_IN_FRAMEWORK_HEADER = YES;
				CLANG_WARN_RANGE_LOOP_ANALYSIS = YES;
				CLANG_WARN_STRICT_PROTOTYPES = YES;
				CLANG_WARN_SUSPICIOUS_MOVE = YES;
				CLANG_WARN_UNGUARDED_AVAILABILITY = YES_AGGRESSIVE;
				CLANG_WARN_UNREACHABLE_CODE = YES;
				CLANG_WARN__DUPLICATE_METHOD_MATCH = YES;
				COPY_PHASE_STRIP = NO;
				DEBUG_INFORMATION_FORMAT = dwarf;
				ENABLE_STRICT_OBJC_MSGSEND = YES;
				ENABLE_TESTABILITY = YES;
				ENABLE_USER_SCRIPT_SANDBOXING = NO;
				GCC_C_LANGUAGE_STANDARD = gnu17;
				GCC_DYNAMIC_NO_PIC = NO;
				GCC_NO_COMMON_BLOCKS = YES;
				GCC_OPTIMIZATION_LEVEL = 0;
				GCC_PREPROCESSOR_DEFINITIONS = (
					"DEBUG=1",
					"$(inherited)",
				);
				GCC_WARN_64_TO_32_BIT_CONVERSION = YES;
				GCC_WARN_ABOUT_RETURN_TYPE = YES_ERROR;
				GCC_WARN_UNDECLARED_SELECTOR = YES;
				GCC_WARN_UNINITIALIZED_AUTOS = YES_AGGRESSIVE;
				GCC_WARN_UNUSED_FUNCTION = YES;
				GCC_WARN_UNUSED_VARIABLE = YES;
				IPHONEOS_DEPLOYMENT_TARGET = 17.4;
				LOCALIZATION_PREFERS_STRING_CATALOGS = YES;
				MTL_ENABLE_DEBUG_INFO = INCLUDE_SOURCE;
				MTL_FAST_MATH = YES;
				ONLY_ACTIVE_ARCH = YES;
				SDKROOT = iphoneos;
				SWIFT_ACTIVE_COMPILATION_CONDITIONS = "DEBUG $(inherited)";
				SWIFT_OPTIMIZATION_LEVEL = "-Onone";
			};
			name = Debug;
		};
		67E0B2BC2C25C11D003DC044 /* Release */ = {
			isa = XCBuildConfiguration;
			buildSettings = {
				ALWAYS_SEARCH_USER_PATHS = NO;
				ASSETCATALOG_COMPILER_GENERATE_SWIFT_ASSET_SYMBOL_EXTENSIONS = YES;
				CLANG_ANALYZER_NONNULL = YES;
				CLANG_ANALYZER_NUMBER_OBJECT_CONVERSION = YES_AGGRESSIVE;
				CLANG_CXX_LANGUAGE_STANDARD = "gnu++20";
				CLANG_ENABLE_MODULES = YES;
				CLANG_ENABLE_OBJC_ARC = YES;
				CLANG_ENABLE_OBJC_WEAK = YES;
				CLANG_WARN_BLOCK_CAPTURE_AUTORELEASING = YES;
				CLANG_WARN_BOOL_CONVERSION = YES;
				CLANG_WARN_COMMA = YES;
				CLANG_WARN_CONSTANT_CONVERSION = YES;
				CLANG_WARN_DEPRECATED_OBJC_IMPLEMENTATIONS = YES;
				CLANG_WARN_DIRECT_OBJC_ISA_USAGE = YES_ERROR;
				CLANG_WARN_DOCUMENTATION_COMMENTS = YES;
				CLANG_WARN_EMPTY_BODY = YES;
				CLANG_WARN_ENUM_CONVERSION = YES;
				CLANG_WARN_INFINITE_RECURSION = YES;
				CLANG_WARN_INT_CONVERSION = YES;
				CLANG_WARN_NON_LITERAL_NULL_CONVERSION = YES;
				CLANG_WARN_OBJC_IMPLICIT_RETAIN_SELF = YES;
				CLANG_WARN_OBJC_LITERAL_CONVERSION = YES;
				CLANG_WARN_OBJC_ROOT_CLASS = YES_ERROR;
				CLANG_WARN_QUOTED_INCLUDE_IN_FRAMEWORK_HEADER = YES;
				CLANG_WARN_RANGE_LOOP_ANALYSIS = YES;
				CLANG_WARN_STRICT_PROTOTYPES = YES;
				CLANG_WARN_SUSPICIOUS_MOVE = YES;
				CLANG_WARN_UNGUARDED_AVAILABILITY = YES_AGGRESSIVE;
				CLANG_WARN_UNREACHABLE_CODE = YES;
				CLANG_WARN__DUPLICATE_METHOD_MATCH = YES;
				COPY_PHASE_STRIP = NO;
				DEBUG_INFORMATION_FORMAT = "dwarf-with-dsym";
				ENABLE_NS_ASSERTIONS = NO;
				ENABLE_STRICT_OBJC_MSGSEND = YES;
				ENABLE_USER_SCRIPT_SANDBOXING = NO;
				GCC_C_LANGUAGE_STANDARD = gnu17;
				GCC_NO_COMMON_BLOCKS = YES;
				GCC_WARN_64_TO_32_BIT_CONVERSION = YES;
				GCC_WARN_ABOUT_RETURN_TYPE = YES_ERROR;
				GCC_WARN_UNDECLARED_SELECTOR = YES;
				GCC_WARN_UNINITIALIZED_AUTOS = YES_AGGRESSIVE;
				GCC_WARN_UNUSED_FUNCTION = YES;
				GCC_WARN_UNUSED_VARIABLE = YES;
				IPHONEOS_DEPLOYMENT_TARGET = 17.4;
				LOCALIZATION_PREFERS_STRING_CATALOGS = YES;
				MTL_ENABLE_DEBUG_INFO = NO;
				MTL_FAST_MATH = YES;
				SDKROOT = iphoneos;
				SWIFT_COMPILATION_MODE = wholemodule;
				VALIDATE_PRODUCT = YES;
			};
			name = Release;
		};
		67E0B2BE2C25C11D003DC044 /* Debug */ = {
			isa = XCBuildConfiguration;
			baseConfigurationReference = A88767ED700C40D913650C68 /* Pods-MovieDB.debug.xcconfig */;
			buildSettings = {
				ASSETCATALOG_COMPILER_APPICON_NAME = AppIcon;
				ASSETCATALOG_COMPILER_GLOBAL_ACCENT_COLOR_NAME = AccentColor;
				CODE_SIGN_STYLE = Automatic;
				CURRENT_PROJECT_VERSION = 1;
				DEVELOPMENT_TEAM = HZT4WS52WF;
				ENABLE_USER_SCRIPT_SANDBOXING = NO;
				EXCLUDED_ARCHS = arm64;
				GENERATE_INFOPLIST_FILE = YES;
				INFOPLIST_FILE = MovieDB/Info.plist;
				INFOPLIST_KEY_UIApplicationSupportsIndirectInputEvents = YES;
				INFOPLIST_KEY_UILaunchStoryboardName = LaunchScreen;
				INFOPLIST_KEY_UISupportedInterfaceOrientations_iPad = "UIInterfaceOrientationPortrait UIInterfaceOrientationPortraitUpsideDown UIInterfaceOrientationLandscapeLeft UIInterfaceOrientationLandscapeRight";
				INFOPLIST_KEY_UISupportedInterfaceOrientations_iPhone = "UIInterfaceOrientationPortrait UIInterfaceOrientationLandscapeLeft UIInterfaceOrientationLandscapeRight";
				LD_RUNPATH_SEARCH_PATHS = (
					"$(inherited)",
					"@executable_path/Frameworks",
				);
				MARKETING_VERSION = 1.0;
				PRODUCT_BUNDLE_IDENTIFIER = "king-erosh.MovieDB";
				PRODUCT_NAME = "$(TARGET_NAME)";
				SWIFT_EMIT_LOC_STRINGS = YES;
				SWIFT_VERSION = 5.0;
				TARGETED_DEVICE_FAMILY = "1,2";
			};
			name = Debug;
		};
		67E0B2BF2C25C11D003DC044 /* Release */ = {
			isa = XCBuildConfiguration;
			baseConfigurationReference = AA4FAC21C00D56C02BE010EC /* Pods-MovieDB.release.xcconfig */;
			buildSettings = {
				ASSETCATALOG_COMPILER_APPICON_NAME = AppIcon;
				ASSETCATALOG_COMPILER_GLOBAL_ACCENT_COLOR_NAME = AccentColor;
				CODE_SIGN_STYLE = Automatic;
				CURRENT_PROJECT_VERSION = 1;
				DEVELOPMENT_TEAM = HZT4WS52WF;
				ENABLE_USER_SCRIPT_SANDBOXING = NO;
				EXCLUDED_ARCHS = arm64;
				GENERATE_INFOPLIST_FILE = YES;
				INFOPLIST_FILE = MovieDB/Info.plist;
				INFOPLIST_KEY_UIApplicationSupportsIndirectInputEvents = YES;
				INFOPLIST_KEY_UILaunchStoryboardName = LaunchScreen;
				INFOPLIST_KEY_UISupportedInterfaceOrientations_iPad = "UIInterfaceOrientationPortrait UIInterfaceOrientationPortraitUpsideDown UIInterfaceOrientationLandscapeLeft UIInterfaceOrientationLandscapeRight";
				INFOPLIST_KEY_UISupportedInterfaceOrientations_iPhone = "UIInterfaceOrientationPortrait UIInterfaceOrientationLandscapeLeft UIInterfaceOrientationLandscapeRight";
				LD_RUNPATH_SEARCH_PATHS = (
					"$(inherited)",
					"@executable_path/Frameworks",
				);
				MARKETING_VERSION = 1.0;
				PRODUCT_BUNDLE_IDENTIFIER = "king-erosh.MovieDB";
				PRODUCT_NAME = "$(TARGET_NAME)";
				SWIFT_EMIT_LOC_STRINGS = YES;
				SWIFT_VERSION = 5.0;
				TARGETED_DEVICE_FAMILY = "1,2";
			};
			name = Release;
		};
/* End XCBuildConfiguration section */

/* Begin XCConfigurationList section */
		67E0B2A42C25C11C003DC044 /* Build configuration list for PBXProject "MovieDB" */ = {
			isa = XCConfigurationList;
			buildConfigurations = (
				67E0B2BB2C25C11D003DC044 /* Debug */,
				67E0B2BC2C25C11D003DC044 /* Release */,
			);
			defaultConfigurationIsVisible = 0;
			defaultConfigurationName = Release;
		};
		67E0B2BD2C25C11D003DC044 /* Build configuration list for PBXNativeTarget "MovieDB" */ = {
			isa = XCConfigurationList;
			buildConfigurations = (
				67E0B2BE2C25C11D003DC044 /* Debug */,
				67E0B2BF2C25C11D003DC044 /* Release */,
			);
			defaultConfigurationIsVisible = 0;
			defaultConfigurationName = Release;
		};
/* End XCConfigurationList section */

/* Begin XCVersionGroup section */
		673C03522C5B895E009C0F13 /* MovieDB.xcdatamodeld */ = {
			isa = XCVersionGroup;
			children = (
				673C03532C5B895E009C0F13 /* MovieDB.xcdatamodel */,
			);
			currentVersion = 673C03532C5B895E009C0F13 /* MovieDB.xcdatamodel */;
			name = MovieDB.xcdatamodeld;
			path = /Users/erosh/Desktop/xcode/MovieDB/MovieDB/MovieDB/Data/MovieDB.xcdatamodeld;
			sourceTree = "<group>";
			versionGroupType = wrapper.xcdatamodel;
		};
/* End XCVersionGroup section */
	};
	rootObject = 67E0B2A12C25C11C003DC044 /* Project object */;
}
